{
    "name": "node-red-project",
    "version": "0.0.1",
    "lockfileVersion": 2,
    "requires": true,
    "packages": {
        "": {
            "name": "node-red-project",
            "version": "0.0.1",
            "dependencies": {
                "node-red-contrib-splitter": "~0.0.16",
                "node-red-node-swagger": "~0.1.9"
            }
        },
        "node_modules/i18next-client": {
            "version": "1.11.4",
            "resolved": "https://registry.npmjs.org/i18next-client/-/i18next-client-1.11.4.tgz",
            "integrity": "sha512-d/LIi/g03tqfWUTxi4kTm4evo+7jdeH+cmV4GClzI2/K5hC4cvRl1Gc6RPfF3ihVFMavhXBKooNppNy0ZmPc2w==",
            "deprecated": "you can use npm install i18next from version 2.0.0",
            "engines": {
                "node": ">=0.4.12"
            }
        },
        "node_modules/node-red-contrib-splitter": {
            "version": "0.0.16",
            "resolved": "https://registry.npmjs.org/node-red-contrib-splitter/-/node-red-contrib-splitter-0.0.16.tgz",
            "integrity": "sha512-cv5qQ19jbOJh8wlGPoUw2oy72cFB0X33nswoMoyHck8pt7FRpymwn2eAS4Ya/cRW9kdJ3WC5/3ayBGyCPXVkHA=="
        },
        "node_modules/node-red-node-swagger": {
            "version": "0.1.9",
            "resolved": "https://registry.npmjs.org/node-red-node-swagger/-/node-red-node-swagger-0.1.9.tgz",
            "integrity": "sha512-rd+UrpsPxLqrUmZwTvCqJflohsFseATwEVVT0ZVoD/5Gz68n69+cXdBczE9+T7LVJUddQ941DhnX+WAziT45WQ==",
            "dependencies": {
                "i18next-client": "1.11.4",
                "swagger-ui": "2.1.4"
            }
        },
        "node_modules/swagger-ui": {
            "version": "2.1.4",
            "resolved": "https://registry.npmjs.org/swagger-ui/-/swagger-ui-2.1.4.tgz",
            "integrity": "sha512-wnO/z+uNoFMsQDGeH67z9ySzYCCQnWrNwzXYFi1VehYzde25PPSNqvYpLmX6R5hum3K5S9o07CVDomx489qkNg==",
            "deprecated": "No longer maintained, please upgrade to swagger-ui@3."
        }
    },
    "dependencies": {
        "i18next-client": {
            "version": "1.11.4",
            "resolved": "https://registry.npmjs.org/i18next-client/-/i18next-client-1.11.4.tgz",
            "integrity": "sha512-d/LIi/g03tqfWUTxi4kTm4evo+7jdeH+cmV4GClzI2/K5hC4cvRl1Gc6RPfF3ihVFMavhXBKooNppNy0ZmPc2w=="
        },
        "node-red-contrib-splitter": {
            "version": "0.0.16",
            "resolved": "https://registry.npmjs.org/node-red-contrib-splitter/-/node-red-contrib-splitter-0.0.16.tgz",
            "integrity": "sha512-cv5qQ19jbOJh8wlGPoUw2oy72cFB0X33nswoMoyHck8pt7FRpymwn2eAS4Ya/cRW9kdJ3WC5/3ayBGyCPXVkHA=="
        },
        "node-red-node-swagger": {
            "version": "0.1.9",
            "resolved": "https://registry.npmjs.org/node-red-node-swagger/-/node-red-node-swagger-0.1.9.tgz",
            "integrity": "sha512-rd+UrpsPxLqrUmZwTvCqJflohsFseATwEVVT0ZVoD/5Gz68n69+cXdBczE9+T7LVJUddQ941DhnX+WAziT45WQ==",
            "requires": {
                "i18next-client": "1.11.4",
                "swagger-ui": "2.1.4"
            }
        },
        "swagger-ui": {
            "version": "2.1.4",
            "resolved": "https://registry.npmjs.org/swagger-ui/-/swagger-ui-2.1.4.tgz",
            "integrity": "sha512-wnO/z+uNoFMsQDGeH67z9ySzYCCQnWrNwzXYFi1VehYzde25PPSNqvYpLmX6R5hum3K5S9o07CVDomx489qkNg=="
        }
    }
}
